<?xml version="1.0" encoding="utf-8"?>
<Project ToolsVersion="4.0" xmlns="http://schemas.microsoft.com/developer/msbuild/2003">
  <ItemGroup>
    <Filter Include="Quelldateien">
      <UniqueIdentifier>{4FC737F1-C7A5-4376-A066-2A32D752A2FF}</UniqueIdentifier>
      <Extensions>cpp;c;cc;cxx;def;odl;idl;hpj;bat;asm;asmx</Extensions>
    </Filter>
    <Filter Include="Headerdateien">
      <UniqueIdentifier>{93995380-89BD-4b04-88EB-625FBE52EBFB}</UniqueIdentifier>
      <Extensions>h;hh;hpp;hxx;hm;inl;inc;xsd</Extensions>
    </Filter>
    <Filter Include="Ressourcendateien">
      <UniqueIdentifier>{67DA6AB6-F800-4c08-8B7A-83BB121AAD01}</UniqueIdentifier>
      <Extensions>rc;ico;cur;bmp;dlg;rc2;rct;bin;rgs;gif;jpg;jpeg;jpe;resx;tiff;tif;png;wav;mfcribbon-ms</Extensions>
    </Filter>
    <Filter Include="Quelldateien\engine">
      <UniqueIdentifier>{bba7be07-7562-4297-9064-3aa2cec67cb4}</UniqueIdentifier>
    </Filter>
    <Filter Include="Headerdateien\engine">
      <UniqueIdentifier>{0c5adaa3-51bb-4be1-89bb-6dcdd7a31f64}</UniqueIdentifier>
    </Filter>
  </ItemGroup>
  <ItemGroup>
    <ClInclude Include="source\catch.h">
      <Filter>Headerdateien</Filter>
    </ClInclude>
    <ClInclude Include="..\engine\source\engine\_gl.h">
      <Filter>Headerdateien\engine</Filter>
    </ClInclude>
    <ClInclude Include="..\engine\source\engine\_global.h">
      <Filter>Headerdateien\engine</Filter>
    </ClInclude>
    <ClInclude Include="..\engine\source\engine\_mathdefs.h">
      <Filter>Headerdateien\engine</Filter>
    </ClInclude>
    <ClInclude Include="..\engine\source\engine\_renderdefs.h">
      <Filter>Headerdateien\engine</Filter>
    </ClInclude>
    <ClInclude Include="..\engine\source\engine\_stdext.h">
      <Filter>Headerdateien\engine</Filter>
    </ClInclude>
    <ClInclude Include="..\engine\source\engine\batch.h">
      <Filter>Headerdateien\engine</Filter>
    </ClInclude>
    <ClInclude Include="..\engine\source\engine\camera2d.h">
      <Filter>Headerdateien\engine</Filter>
    </ClInclude>
    <ClInclude Include="..\engine\source\engine\camera3d.h">
      <Filter>Headerdateien\engine</Filter>
    </ClInclude>
    <ClInclude Include="..\engine\source\engine\charevent.h">
      <Filter>Headerdateien\engine</Filter>
    </ClInclude>
    <ClInclude Include="..\engine\source\engine\component.h">
      <Filter>Headerdateien\engine</Filter>
    </ClInclude>
    <ClInclude Include="..\engine\source\engine\decimal32.h">
      <Filter>Headerdateien\engine</Filter>
    </ClInclude>
    <ClInclude Include="..\engine\source\engine\engine.h">
      <Filter>Headerdateien\engine</Filter>
    </ClInclude>
    <ClInclude Include="..\engine\source\engine\engineconfiguration.h">
      <Filter>Headerdateien\engine</Filter>
    </ClInclude>
    <ClInclude Include="..\engine\source\engine\gameobject.h">
      <Filter>Headerdateien\engine</Filter>
    </ClInclude>
    <ClInclude Include="..\engine\source\engine\gamestate.h">
      <Filter>Headerdateien\engine</Filter>
    </ClInclude>
    <ClInclude Include="..\engine\source\engine\glwindow.h">
      <Filter>Headerdateien\engine</Filter>
    </ClInclude>
    <ClInclude Include="..\engine\source\engine\icamera.h">
      <Filter>Headerdateien\engine</Filter>
    </ClInclude>
    <ClInclude Include="..\engine\source\engine\idgen.h">
      <Filter>Headerdateien\engine</Filter>
    </ClInclude>
    <ClInclude Include="..\engine\source\engine\imageutils.h">
      <Filter>Headerdateien\engine</Filter>
    </ClInclude>
    <ClInclude Include="..\engine\source\engine\indexbuffer.h">
      <Filter>Headerdateien\engine</Filter>
    </ClInclude>
    <ClInclude Include="..\engine\source\engine\inputengine.h">
      <Filter>Headerdateien\engine</Filter>
    </ClInclude>
    <ClInclude Include="..\engine\source\engine\keyevent.h">
      <Filter>Headerdateien\engine</Filter>
    </ClInclude>
    <ClInclude Include="..\engine\source\engine\logger.h">
      <Filter>Headerdateien\engine</Filter>
    </ClInclude>
    <ClInclude Include="..\engine\source\engine\logiccomponent.h">
      <Filter>Headerdateien\engine</Filter>
    </ClInclude>
    <ClInclude Include="..\engine\source\engine\logicengine.h">
      <Filter>Headerdateien\engine</Filter>
    </ClInclude>
    <ClInclude Include="..\engine\source\engine\material.h">
      <Filter>Headerdateien\engine</Filter>
    </ClInclude>
    <ClInclude Include="..\engine\source\engine\matrix4f.h">
      <Filter>Headerdateien\engine</Filter>
    </ClInclude>
    <ClInclude Include="..\engine\source\engine\mouseevent.h">
      <Filter>Headerdateien\engine</Filter>
    </ClInclude>
    <ClInclude Include="..\engine\source\engine\networkengine.h">
      <Filter>Headerdateien\engine</Filter>
    </ClInclude>
    <ClInclude Include="..\engine\source\engine\nullable.h">
      <Filter>Headerdateien\engine</Filter>
    </ClInclude>
    <ClInclude Include="..\engine\source\engine\owner.h">
      <Filter>Headerdateien\engine</Filter>
    </ClInclude>
    <ClInclude Include="..\engine\source\engine\physicsengine.h">
      <Filter>Headerdateien\engine</Filter>
    </ClInclude>
    <ClInclude Include="..\engine\source\engine\primitivetype.h">
      <Filter>Headerdateien\engine</Filter>
    </ClInclude>
    <ClInclude Include="..\engine\source\engine\quaternion4f.h">
      <Filter>Headerdateien\engine</Filter>
    </ClInclude>
    <ClInclude Include="..\engine\source\engine\range.h">
      <Filter>Headerdateien\engine</Filter>
    </ClInclude>
    <ClInclude Include="..\engine\source\engine\rendercomponent.h">
      <Filter>Headerdateien\engine</Filter>
    </ClInclude>
    <ClInclude Include="..\engine\source\engine\renderengine.h">
      <Filter>Headerdateien\engine</Filter>
    </ClInclude>
    <ClInclude Include="..\engine\source\engine\scene.h">
      <Filter>Headerdateien\engine</Filter>
    </ClInclude>
    <ClInclude Include="..\engine\source\engine\shader.h">
      <Filter>Headerdateien\engine</Filter>
    </ClInclude>
    <ClInclude Include="..\engine\source\engine\stackbuffer.h">
      <Filter>Headerdateien\engine</Filter>
    </ClInclude>
    <ClInclude Include="..\engine\source\engine\stackbuffertoken.h">
      <Filter>Headerdateien\engine</Filter>
    </ClInclude>
    <ClInclude Include="..\engine\source\engine\staticmesh.h">
      <Filter>Headerdateien\engine</Filter>
    </ClInclude>
    <ClInclude Include="..\engine\source\engine\stringutils.h">
      <Filter>Headerdateien\engine</Filter>
    </ClInclude>
    <ClInclude Include="..\engine\source\engine\texture.h">
      <Filter>Headerdateien\engine</Filter>
    </ClInclude>
    <ClInclude Include="..\engine\source\engine\textureoptions.h">
      <Filter>Headerdateien\engine</Filter>
    </ClInclude>
    <ClInclude Include="..\engine\source\engine\textureslot.h">
      <Filter>Headerdateien\engine</Filter>
    </ClInclude>
    <ClInclude Include="..\engine\source\engine\transform.h">
      <Filter>Headerdateien\engine</Filter>
    </ClInclude>
    <ClInclude Include="..\engine\source\engine\uniform.h">
      <Filter>Headerdateien\engine</Filter>
    </ClInclude>
    <ClInclude Include="..\engine\source\engine\vector2f.h">
      <Filter>Headerdateien\engine</Filter>
    </ClInclude>
    <ClInclude Include="..\engine\source\engine\vector3.h">
      <Filter>Headerdateien\engine</Filter>
    </ClInclude>
    <ClInclude Include="..\engine\source\engine\vector3f.h">
      <Filter>Headerdateien\engine</Filter>
    </ClInclude>
    <ClInclude Include="..\engine\source\engine\vector4f.h">
      <Filter>Headerdateien\engine</Filter>
    </ClInclude>
    <ClInclude Include="..\engine\source\engine\vertex.h">
      <Filter>Headerdateien\engine</Filter>
    </ClInclude>
    <ClInclude Include="..\engine\source\engine\vertex_pc.h">
      <Filter>Headerdateien\engine</Filter>
    </ClInclude>
    <ClInclude Include="..\engine\source\engine\vertex_pt.h">
      <Filter>Headerdateien\engine</Filter>
    </ClInclude>
    <ClInclude Include="..\engine\source\engine\vertexarray.h">
      <Filter>Headerdateien\engine</Filter>
    </ClInclude>
    <ClInclude Include="..\engine\source\engine\vertexbuffer.h">
      <Filter>Headerdateien\engine</Filter>
    </ClInclude>
    <ClInclude Include="..\engine\source\engine\vertexbuffertoken.h">
      <Filter>Headerdateien\engine</Filter>
    </ClInclude>
    <ClInclude Include="..\engine\source\engine\vertexcomponent.h">
      <Filter>Headerdateien\engine</Filter>
    </ClInclude>
    <ClInclude Include="..\engine\source\engine\vertexlayout.h">
      <Filter>Headerdateien\engine</Filter>
    </ClInclude>
    <ClInclude Include="..\engine\source\engine\vertextoken.h">
      <Filter>Headerdateien\engine</Filter>
    </ClInclude>
    <ClInclude Include="..\engine\source\engine\viewport4.h">
      <Filter>Headerdateien\engine</Filter>
    </ClInclude>
  </ItemGroup>
  <ItemGroup>
    <ClCompile Include="source\main.cpp">
      <Filter>Quelldateien</Filter>
    </ClCompile>
    <ClCompile Include="source\test_vertexbuffer.cpp">
      <Filter>Quelldateien</Filter>
    </ClCompile>
    <ClCompile Include="source\test_owner.cpp">
      <Filter>Quelldateien</Filter>
    </ClCompile>
    <ClCompile Include="..\engine\source\engine\scene.cpp">
      <Filter>Quelldateien\engine</Filter>
    </ClCompile>
    <ClCompile Include="..\engine\source\engine\shader.cpp">
      <Filter>Quelldateien\engine</Filter>
    </ClCompile>
    <ClCompile Include="..\engine\source\engine\matrix4f.cpp">
      <Filter>Quelldateien\engine</Filter>
    </ClCompile>
    <ClCompile Include="..\engine\source\engine\renderengine.cpp">
      <Filter>Quelldateien\engine</Filter>
    </ClCompile>
    <ClCompile Include="..\engine\source\engine\camera2d.cpp">
      <Filter>Quelldateien\engine</Filter>
    </ClCompile>
    <ClCompile Include="..\engine\source\engine\camera3d.cpp">
      <Filter>Quelldateien\engine</Filter>
    </ClCompile>
    <ClCompile Include="..\engine\source\engine\material.cpp">
      <Filter>Quelldateien\engine</Filter>
    </ClCompile>
    <ClCompile Include="..\engine\source\engine\textureslot.cpp">
      <Filter>Quelldateien\engine</Filter>
    </ClCompile>
    <ClCompile Include="..\engine\source\engine\uniform.cpp">
      <Filter>Quelldateien\engine</Filter>
    </ClCompile>
    <ClCompile Include="..\engine\source\engine\rendercomponent.cpp">
      <Filter>Quelldateien\engine</Filter>
    </ClCompile>
    <ClCompile Include="..\engine\source\engine\engine.cpp">
      <Filter>Quelldateien\engine</Filter>
    </ClCompile>
    <ClCompile Include="..\engine\source\engine\gamestate.cpp">
      <Filter>Quelldateien\engine</Filter>
    </ClCompile>
    <ClCompile Include="..\engine\source\engine\glwindow.cpp">
      <Filter>Quelldateien\engine</Filter>
    </ClCompile>
    <ClCompile Include="..\engine\source\engine\inputengine.cpp">
      <Filter>Quelldateien\engine</Filter>
    </ClCompile>
    <ClCompile Include="..\engine\source\engine\logicengine.cpp">
      <Filter>Quelldateien\engine</Filter>
    </ClCompile>
    <ClCompile Include="..\engine\source\engine\gameobject.cpp">
      <Filter>Quelldateien\engine</Filter>
    </ClCompile>
    <ClCompile Include="..\engine\source\engine\idgenerator.cpp">
      <Filter>Quelldateien\engine</Filter>
    </ClCompile>
    <ClCompile Include="..\engine\source\engine\imageutils.cpp">
      <Filter>Quelldateien\engine</Filter>
    </ClCompile>
    <ClCompile Include="..\engine\source\engine\stackbuffertoken.cpp">
      <Filter>Quelldateien\engine</Filter>
    </ClCompile>
    <ClCompile Include="..\engine\source\engine\indexbuffer.cpp">
      <Filter>Quelldateien\engine</Filter>
    </ClCompile>
    <ClCompile Include="..\engine\source\engine\vertexbuffertoken.cpp">
      <Filter>Quelldateien\engine</Filter>
    </ClCompile>
    <ClCompile Include="..\engine\source\engine\vertextoken.cpp">
      <Filter>Quelldateien\engine</Filter>
    </ClCompile>
    <ClCompile Include="..\engine\source\engine\decimal32.cpp">
      <Filter>Quelldateien\engine</Filter>
    </ClCompile>
    <ClCompile Include="..\engine\source\engine\vertex_pc.cpp">
      <Filter>Quelldateien\engine</Filter>
    </ClCompile>
    <ClCompile Include="..\engine\source\engine\vector2f.cpp">
      <Filter>Quelldateien\engine</Filter>
    </ClCompile>
    <ClCompile Include="..\engine\source\engine\vertex_pt.cpp">
      <Filter>Quelldateien\engine</Filter>
    </ClCompile>
    <ClCompile Include="..\engine\source\engine\transform.cpp">
      <Filter>Quelldateien\engine</Filter>
    </ClCompile>
    <ClCompile Include="..\engine\source\engine\vector3f.cpp">
      <Filter>Quelldateien\engine</Filter>
    </ClCompile>
    <ClCompile Include="..\engine\source\engine\vector4f.cpp">
      <Filter>Quelldateien\engine</Filter>
    </ClCompile>
    <ClCompile Include="..\engine\source\engine\engineconfiguration.cpp">
      <Filter>Quelldateien\engine</Filter>
    </ClCompile>
    <ClCompile Include="..\engine\source\engine\texture.cpp">
      <Filter>Quelldateien\engine</Filter>
    </ClCompile>
    <ClCompile Include="..\engine\source\engine\networkengine.cpp">
      <Filter>Quelldateien\engine</Filter>
    </ClCompile>
    <ClCompile Include="..\engine\source\engine\physicsengine.cpp">
      <Filter>Quelldateien\engine</Filter>
    </ClCompile>
    <ClCompile Include="..\engine\source\engine\logiccomponent.cpp">
      <Filter>Quelldateien\engine</Filter>
    </ClCompile>
    <ClCompile Include="..\engine\source\engine\component.cpp">
      <Filter>Quelldateien\engine</Filter>
    </ClCompile>
    <ClCompile Include="..\engine\source\engine\quaterion4f.cpp">
      <Filter>Quelldateien\engine</Filter>
    </ClCompile>
    <ClCompile Include="..\engine\source\engine\textureoptions.cpp">
      <Filter>Quelldateien\engine</Filter>
    </ClCompile>
    <ClCompile Include="..\engine\source\engine\stringutils.cpp">
      <Filter>Quelldateien\engine</Filter>
    </ClCompile>
    <ClCompile Include="..\engine\source\engine\_gl.cpp">
      <Filter>Quelldateien\engine</Filter>
    </ClCompile>
    <ClCompile Include="..\engine\source\engine\range.cpp">
      <Filter>Quelldateien\engine</Filter>
    </ClCompile>
    <ClCompile Include="source\test_scene.cpp">
      <Filter>Quelldateien</Filter>
    </ClCompile>
  </ItemGroup>
</Project>