<?xml version="1.0" encoding="utf-8"?>
<Project ToolsVersion="4.0" xmlns="http://schemas.microsoft.com/developer/msbuild/2003">
  <ItemGroup>
    <Filter Include="Quelldateien">
      <UniqueIdentifier>{4FC737F1-C7A5-4376-A066-2A32D752A2FF}</UniqueIdentifier>
      <Extensions>cpp;c;cc;cxx;def;odl;idl;hpj;bat;asm;asmx</Extensions>
    </Filter>
    <Filter Include="Headerdateien">
      <UniqueIdentifier>{93995380-89BD-4b04-88EB-625FBE52EBFB}</UniqueIdentifier>
      <Extensions>h;hh;hpp;hxx;hm;inl;inc;xsd</Extensions>
    </Filter>
    <Filter Include="Ressourcendateien">
      <UniqueIdentifier>{67DA6AB6-F800-4c08-8B7A-83BB121AAD01}</UniqueIdentifier>
      <Extensions>rc;ico;cur;bmp;dlg;rc2;rct;bin;rgs;gif;jpg;jpeg;jpe;resx;tiff;tif;png;wav;mfcribbon-ms</Extensions>
    </Filter>
    <Filter Include="Headerdateien\framework">
      <UniqueIdentifier>{b27ae4c7-83e3-47e2-8a49-7a56569273fc}</UniqueIdentifier>
    </Filter>
    <Filter Include="Headerdateien\test">
      <UniqueIdentifier>{a40f74fc-df4c-48b1-ab5c-c7dfe711775b}</UniqueIdentifier>
    </Filter>
    <Filter Include="Quelldateien\framework">
      <UniqueIdentifier>{a4df8af0-5c82-4cf1-8812-fc7b7e5c1f53}</UniqueIdentifier>
    </Filter>
    <Filter Include="Headerdateien\engine">
      <UniqueIdentifier>{fbbf2c96-0b4d-4dd4-bece-c16834358030}</UniqueIdentifier>
    </Filter>
    <Filter Include="Headerdateien\engine\core">
      <UniqueIdentifier>{610ef6de-9c6c-4936-9075-22c58d634671}</UniqueIdentifier>
    </Filter>
    <Filter Include="Headerdateien\engine\input">
      <UniqueIdentifier>{31f92aaa-e01d-4090-9b9e-ba4c95d803b4}</UniqueIdentifier>
    </Filter>
    <Filter Include="Headerdateien\engine\logic">
      <UniqueIdentifier>{b224d9af-8fd9-482d-8c7e-26e407665918}</UniqueIdentifier>
    </Filter>
    <Filter Include="Headerdateien\engine\math">
      <UniqueIdentifier>{649d1e7b-9ec1-460d-8f42-411a6c1d6af4}</UniqueIdentifier>
    </Filter>
    <Filter Include="Headerdateien\engine\network">
      <UniqueIdentifier>{e32adda1-d886-477c-8d2c-44f076fc0e6c}</UniqueIdentifier>
    </Filter>
    <Filter Include="Headerdateien\engine\physics">
      <UniqueIdentifier>{c941d6d7-d4f4-4270-991e-4d51ee7b095a}</UniqueIdentifier>
    </Filter>
    <Filter Include="Headerdateien\engine\render">
      <UniqueIdentifier>{d892ee7a-1e96-4519-80f6-0e4b71cccb3d}</UniqueIdentifier>
    </Filter>
    <Filter Include="Headerdateien\engine\render\vertices">
      <UniqueIdentifier>{d44379e9-a939-41c9-922a-118f5846a614}</UniqueIdentifier>
    </Filter>
    <Filter Include="Headerdateien\engine\render\opengl">
      <UniqueIdentifier>{a550314f-2352-41c3-bf53-682290b94ba2}</UniqueIdentifier>
    </Filter>
    <Filter Include="Headerdateien\engine\utils">
      <UniqueIdentifier>{a78a5dc8-a3e3-43a6-97c5-55669c813185}</UniqueIdentifier>
    </Filter>
    <Filter Include="Headerdateien\engine\utils\buffer">
      <UniqueIdentifier>{5adbb46d-6779-472f-a455-a07e2e35f198}</UniqueIdentifier>
    </Filter>
    <Filter Include="Quelldateien\engine">
      <UniqueIdentifier>{d1bdbe94-0ab4-4134-851d-46da0a51ca3f}</UniqueIdentifier>
    </Filter>
    <Filter Include="Quelldateien\engine\core">
      <UniqueIdentifier>{ea542283-aa9e-486d-b513-87fa03531de9}</UniqueIdentifier>
    </Filter>
    <Filter Include="Quelldateien\engine\input">
      <UniqueIdentifier>{4aaa8f5a-13b4-4603-a38f-ffd84be4da01}</UniqueIdentifier>
    </Filter>
    <Filter Include="Quelldateien\engine\logic">
      <UniqueIdentifier>{d12f976f-d8eb-426e-895e-092e02e941e4}</UniqueIdentifier>
    </Filter>
    <Filter Include="Quelldateien\engine\math">
      <UniqueIdentifier>{5d88e6fb-b923-4be8-8c0b-f23bfe062cc5}</UniqueIdentifier>
    </Filter>
    <Filter Include="Quelldateien\engine\network">
      <UniqueIdentifier>{3ba6cad8-b2ab-4237-8d96-73a4391fe16a}</UniqueIdentifier>
    </Filter>
    <Filter Include="Quelldateien\engine\physics">
      <UniqueIdentifier>{0676449a-5487-4660-8c48-e78de675e6e8}</UniqueIdentifier>
    </Filter>
    <Filter Include="Quelldateien\engine\render">
      <UniqueIdentifier>{33d0d492-9dff-4bfc-86bb-add41747039e}</UniqueIdentifier>
    </Filter>
    <Filter Include="Quelldateien\engine\render\vertices">
      <UniqueIdentifier>{fe82f4e8-5570-4cf7-9dd5-abec0975063e}</UniqueIdentifier>
    </Filter>
    <Filter Include="Quelldateien\engine\render\opengl">
      <UniqueIdentifier>{d4b6db87-a883-40b1-bae0-3f6f8f44d879}</UniqueIdentifier>
    </Filter>
    <Filter Include="Quelldateien\engine\utils">
      <UniqueIdentifier>{35662d53-530d-4384-a4c0-28572ed84bb0}</UniqueIdentifier>
    </Filter>
    <Filter Include="Quelldateien\engine\utils\buffer">
      <UniqueIdentifier>{f66f8dde-5b23-47ef-a76c-9218bb9c5f79}</UniqueIdentifier>
    </Filter>
  </ItemGroup>
  <ItemGroup>
    <Text Include="CMakeLists.txt" />
  </ItemGroup>
  <ItemGroup>
    <ClInclude Include="source\generator.h">
      <Filter>Headerdateien\framework</Filter>
    </ClInclude>
    <ClInclude Include="source\perfclass.h">
      <Filter>Headerdateien\framework</Filter>
    </ClInclude>
    <ClInclude Include="source\test.h">
      <Filter>Headerdateien\framework</Filter>
    </ClInclude>
    <ClInclude Include="source\testclass.h">
      <Filter>Headerdateien\framework</Filter>
    </ClInclude>
    <ClInclude Include="source\testdefs.h">
      <Filter>Headerdateien\framework</Filter>
    </ClInclude>
    <ClInclude Include="source\testregistry.h">
      <Filter>Headerdateien\framework</Filter>
    </ClInclude>
    <ClInclude Include="source\test_decimal32.h">
      <Filter>Headerdateien\test</Filter>
    </ClInclude>
    <ClInclude Include="source\test_vector3f.h">
      <Filter>Headerdateien\test</Filter>
    </ClInclude>
    <ClInclude Include="source\test_vertexbuffer.h">
      <Filter>Headerdateien\test</Filter>
    </ClInclude>
    <ClInclude Include="..\engine\source\engine\_global.h">
      <Filter>Headerdateien\engine</Filter>
    </ClInclude>
    <ClInclude Include="..\engine\source\engine\engine.h">
      <Filter>Headerdateien\engine\core</Filter>
    </ClInclude>
    <ClInclude Include="..\engine\source\engine\engineconfiguration.h">
      <Filter>Headerdateien\engine\core</Filter>
    </ClInclude>
    <ClInclude Include="..\engine\source\engine\engineexception.h">
      <Filter>Headerdateien\engine\core</Filter>
    </ClInclude>
    <ClInclude Include="..\engine\source\engine\gamestate.h">
      <Filter>Headerdateien\engine\core</Filter>
    </ClInclude>
    <ClInclude Include="..\engine\source\engine\world.h">
      <Filter>Headerdateien\engine\core</Filter>
    </ClInclude>
    <ClInclude Include="..\engine\source\engine\component.h">
      <Filter>Headerdateien\engine\core</Filter>
    </ClInclude>
    <ClInclude Include="..\engine\source\engine\gameobject.h">
      <Filter>Headerdateien\engine\core</Filter>
    </ClInclude>
    <ClInclude Include="..\engine\source\engine\ilogiccomponent.h">
      <Filter>Headerdateien\engine\core</Filter>
    </ClInclude>
    <ClInclude Include="..\engine\source\engine\irendercomponent.h">
      <Filter>Headerdateien\engine\core</Filter>
    </ClInclude>
    <ClInclude Include="..\engine\source\engine\disabledinputengine.h">
      <Filter>Headerdateien\engine\input</Filter>
    </ClInclude>
    <ClInclude Include="..\engine\source\engine\iinputengine.h">
      <Filter>Headerdateien\engine\input</Filter>
    </ClInclude>
    <ClInclude Include="..\engine\source\engine\disabledlogicengine.h">
      <Filter>Headerdateien\engine\logic</Filter>
    </ClInclude>
    <ClInclude Include="..\engine\source\engine\ilogicengine.h">
      <Filter>Headerdateien\engine\logic</Filter>
    </ClInclude>
    <ClInclude Include="..\engine\source\engine\range.h">
      <Filter>Headerdateien\engine\math</Filter>
    </ClInclude>
    <ClInclude Include="..\engine\source\engine\decimal32.h">
      <Filter>Headerdateien\engine\math</Filter>
    </ClInclude>
    <ClInclude Include="..\engine\source\engine\matrix4f.h">
      <Filter>Headerdateien\engine\math</Filter>
    </ClInclude>
    <ClInclude Include="..\engine\source\engine\quaternion4f.h">
      <Filter>Headerdateien\engine\math</Filter>
    </ClInclude>
    <ClInclude Include="..\engine\source\engine\vector2f.h">
      <Filter>Headerdateien\engine\math</Filter>
    </ClInclude>
    <ClInclude Include="..\engine\source\engine\vector3.h">
      <Filter>Headerdateien\engine\math</Filter>
    </ClInclude>
    <ClInclude Include="..\engine\source\engine\vector3f.h">
      <Filter>Headerdateien\engine\math</Filter>
    </ClInclude>
    <ClInclude Include="..\engine\source\engine\vector4f.h">
      <Filter>Headerdateien\engine\math</Filter>
    </ClInclude>
    <ClInclude Include="..\engine\source\engine\viewport4.h">
      <Filter>Headerdateien\engine\math</Filter>
    </ClInclude>
    <ClInclude Include="..\engine\source\engine\_mathdefs.h">
      <Filter>Headerdateien\engine\math</Filter>
    </ClInclude>
    <ClInclude Include="..\engine\source\engine\transform.h">
      <Filter>Headerdateien\engine\math</Filter>
    </ClInclude>
    <ClInclude Include="..\engine\source\engine\disablednetworkengine.h">
      <Filter>Headerdateien\engine\network</Filter>
    </ClInclude>
    <ClInclude Include="..\engine\source\engine\inetworkengine.h">
      <Filter>Headerdateien\engine\network</Filter>
    </ClInclude>
    <ClInclude Include="..\engine\source\engine\disabledphysicsengine.h">
      <Filter>Headerdateien\engine\physics</Filter>
    </ClInclude>
    <ClInclude Include="..\engine\source\engine\iphysicsengine.h">
      <Filter>Headerdateien\engine\physics</Filter>
    </ClInclude>
    <ClInclude Include="..\engine\source\engine\batch.h">
      <Filter>Headerdateien\engine\render</Filter>
    </ClInclude>
    <ClInclude Include="..\engine\source\engine\camera.h">
      <Filter>Headerdateien\engine\render</Filter>
    </ClInclude>
    <ClInclude Include="..\engine\source\engine\rendermanager.h">
      <Filter>Headerdateien\engine\render</Filter>
    </ClInclude>
    <ClInclude Include="..\engine\source\engine\textureoptions.h">
      <Filter>Headerdateien\engine\render</Filter>
    </ClInclude>
    <ClInclude Include="..\engine\source\engine\textureslot.h">
      <Filter>Headerdateien\engine\render</Filter>
    </ClInclude>
    <ClInclude Include="..\engine\source\engine\textureslottemplate.h">
      <Filter>Headerdateien\engine\render</Filter>
    </ClInclude>
    <ClInclude Include="..\engine\source\engine\uniformtemplate.h">
      <Filter>Headerdateien\engine\render</Filter>
    </ClInclude>
    <ClInclude Include="..\engine\source\engine\defaultrenderengine.h">
      <Filter>Headerdateien\engine\render</Filter>
    </ClInclude>
    <ClInclude Include="..\engine\source\engine\disabledrenderengine.h">
      <Filter>Headerdateien\engine\render</Filter>
    </ClInclude>
    <ClInclude Include="..\engine\source\engine\glwindow.h">
      <Filter>Headerdateien\engine\render</Filter>
    </ClInclude>
    <ClInclude Include="..\engine\source\engine\irenderengine.h">
      <Filter>Headerdateien\engine\render</Filter>
    </ClInclude>
    <ClInclude Include="..\engine\source\engine\material.h">
      <Filter>Headerdateien\engine\render</Filter>
    </ClInclude>
    <ClInclude Include="..\engine\source\engine\primitivetype.h">
      <Filter>Headerdateien\engine\render</Filter>
    </ClInclude>
    <ClInclude Include="..\engine\source\engine\shader.h">
      <Filter>Headerdateien\engine\render</Filter>
    </ClInclude>
    <ClInclude Include="..\engine\source\engine\shaderbuilder.h">
      <Filter>Headerdateien\engine\render</Filter>
    </ClInclude>
    <ClInclude Include="..\engine\source\engine\staticmesh.h">
      <Filter>Headerdateien\engine\render</Filter>
    </ClInclude>
    <ClInclude Include="..\engine\source\engine\texture.h">
      <Filter>Headerdateien\engine\render</Filter>
    </ClInclude>
    <ClInclude Include="..\engine\source\engine\uniform.h">
      <Filter>Headerdateien\engine\render</Filter>
    </ClInclude>
    <ClInclude Include="..\engine\source\engine\vertexcomponent.h">
      <Filter>Headerdateien\engine\render</Filter>
    </ClInclude>
    <ClInclude Include="..\engine\source\engine\vertexlayout.h">
      <Filter>Headerdateien\engine\render</Filter>
    </ClInclude>
    <ClInclude Include="..\engine\source\engine\_renderdefs.h">
      <Filter>Headerdateien\engine\render</Filter>
    </ClInclude>
    <ClInclude Include="..\engine\source\engine\vertex.h">
      <Filter>Headerdateien\engine\render\vertices</Filter>
    </ClInclude>
    <ClInclude Include="..\engine\source\engine\vertex_pc.h">
      <Filter>Headerdateien\engine\render\vertices</Filter>
    </ClInclude>
    <ClInclude Include="..\engine\source\engine\vertex_pt.h">
      <Filter>Headerdateien\engine\render\vertices</Filter>
    </ClInclude>
    <ClInclude Include="..\engine\source\engine\indexbuffer.h">
      <Filter>Headerdateien\engine\render\opengl</Filter>
    </ClInclude>
    <ClInclude Include="..\engine\source\engine\vertexarray.h">
      <Filter>Headerdateien\engine\render\opengl</Filter>
    </ClInclude>
    <ClInclude Include="..\engine\source\engine\vertexbuffer.h">
      <Filter>Headerdateien\engine\render\opengl</Filter>
    </ClInclude>
    <ClInclude Include="..\engine\source\engine\vertextoken.h">
      <Filter>Headerdateien\engine\render\opengl</Filter>
    </ClInclude>
    <ClInclude Include="..\engine\source\engine\_gl.h">
      <Filter>Headerdateien\engine\render\opengl</Filter>
    </ClInclude>
    <ClInclude Include="..\engine\source\engine\imageutils.h">
      <Filter>Headerdateien\engine\utils</Filter>
    </ClInclude>
    <ClInclude Include="..\engine\source\engine\map.h">
      <Filter>Headerdateien\engine\utils</Filter>
    </ClInclude>
    <ClInclude Include="..\engine\source\engine\non_null.h">
      <Filter>Headerdateien\engine\utils</Filter>
    </ClInclude>
    <ClInclude Include="..\engine\source\engine\nullable.h">
      <Filter>Headerdateien\engine\utils</Filter>
    </ClInclude>
    <ClInclude Include="..\engine\source\engine\stringutils.h">
      <Filter>Headerdateien\engine\utils</Filter>
    </ClInclude>
    <ClInclude Include="..\engine\source\engine\vector.h">
      <Filter>Headerdateien\engine\utils</Filter>
    </ClInclude>
    <ClInclude Include="..\engine\source\engine\logger.h">
      <Filter>Headerdateien\engine\utils</Filter>
    </ClInclude>
    <ClInclude Include="..\engine\source\engine\uptrvector.h">
      <Filter>Headerdateien\engine\utils</Filter>
    </ClInclude>
    <ClInclude Include="..\engine\source\engine\arraybuffertoken.h">
      <Filter>Headerdateien\engine\utils\buffer</Filter>
    </ClInclude>
    <ClInclude Include="..\engine\source\engine\stackbuffer.h">
      <Filter>Headerdateien\engine\utils\buffer</Filter>
    </ClInclude>
    <ClInclude Include="..\engine\source\engine\stackbuffertoken.h">
      <Filter>Headerdateien\engine\utils\buffer</Filter>
    </ClInclude>
    <ClInclude Include="..\engine\source\engine\transactionalbuffer.h">
      <Filter>Headerdateien\engine\utils\buffer</Filter>
    </ClInclude>
    <ClInclude Include="..\engine\source\engine\tb_removeop.h">
      <Filter>Headerdateien\engine\utils\buffer</Filter>
    </ClInclude>
    <ClInclude Include="..\engine\source\engine\tb_writeop.h">
      <Filter>Headerdateien\engine\utils\buffer</Filter>
    </ClInclude>
    <ClInclude Include="..\engine\source\engine\arraybuffer.h">
      <Filter>Headerdateien\engine\utils\buffer</Filter>
    </ClInclude>
    <ClInclude Include="..\engine\source\engine\buffertoken.h">
      <Filter>Headerdateien\engine\utils\buffer</Filter>
    </ClInclude>
    <ClInclude Include="..\engine\source\engine\buffer.h">
      <Filter>Headerdateien\engine\utils\buffer</Filter>
    </ClInclude>
    <ClInclude Include="source\test_gameobject.h">
      <Filter>Headerdateien\test</Filter>
    </ClInclude>
  </ItemGroup>
  <ItemGroup>
    <ClCompile Include="source\main.cpp">
      <Filter>Quelldateien\framework</Filter>
    </ClCompile>
    <ClCompile Include="..\engine\source\engine\engine.cpp">
      <Filter>Quelldateien\engine\core</Filter>
    </ClCompile>
    <ClCompile Include="..\engine\source\engine\engineconfiguration.cpp">
      <Filter>Quelldateien\engine\core</Filter>
    </ClCompile>
    <ClCompile Include="..\engine\source\engine\engineexception.cpp">
      <Filter>Quelldateien\engine\core</Filter>
    </ClCompile>
    <ClCompile Include="..\engine\source\engine\gamestate.cpp">
      <Filter>Quelldateien\engine\core</Filter>
    </ClCompile>
    <ClCompile Include="..\engine\source\engine\world.cpp">
      <Filter>Quelldateien\engine\core</Filter>
    </ClCompile>
    <ClCompile Include="..\engine\source\engine\gameobject.cpp">
      <Filter>Quelldateien\engine\core</Filter>
    </ClCompile>
    <ClCompile Include="..\engine\source\engine\disabledinputengine.cpp">
      <Filter>Quelldateien\engine\input</Filter>
    </ClCompile>
    <ClCompile Include="..\engine\source\engine\disabledlogicengine.cpp">
      <Filter>Quelldateien\engine\logic</Filter>
    </ClCompile>
    <ClCompile Include="..\engine\source\engine\decimal32.cpp">
      <Filter>Quelldateien\engine\math</Filter>
    </ClCompile>
    <ClCompile Include="..\engine\source\engine\matrix4f.cpp">
      <Filter>Quelldateien\engine\math</Filter>
    </ClCompile>
    <ClCompile Include="..\engine\source\engine\quaterion4f.cpp">
      <Filter>Quelldateien\engine\math</Filter>
    </ClCompile>
    <ClCompile Include="..\engine\source\engine\range.cpp">
      <Filter>Quelldateien\engine\math</Filter>
    </ClCompile>
    <ClCompile Include="..\engine\source\engine\vector2f.cpp">
      <Filter>Quelldateien\engine\math</Filter>
    </ClCompile>
    <ClCompile Include="..\engine\source\engine\vector3f.cpp">
      <Filter>Quelldateien\engine\math</Filter>
    </ClCompile>
    <ClCompile Include="..\engine\source\engine\vector4f.cpp">
      <Filter>Quelldateien\engine\math</Filter>
    </ClCompile>
    <ClCompile Include="..\engine\source\engine\transform.cpp">
      <Filter>Quelldateien\engine\math</Filter>
    </ClCompile>
    <ClCompile Include="..\engine\source\engine\disablednetworkengine.cpp">
      <Filter>Quelldateien\engine\network</Filter>
    </ClCompile>
    <ClCompile Include="..\engine\source\engine\disabledphysicsengine.cpp">
      <Filter>Quelldateien\engine\physics</Filter>
    </ClCompile>
    <ClCompile Include="..\engine\source\engine\camera.cpp">
      <Filter>Quelldateien\engine\render</Filter>
    </ClCompile>
    <ClCompile Include="..\engine\source\engine\defaultrenderengine.cpp">
      <Filter>Quelldateien\engine\render</Filter>
    </ClCompile>
    <ClCompile Include="..\engine\source\engine\disabledrenderengine.cpp">
      <Filter>Quelldateien\engine\render</Filter>
    </ClCompile>
    <ClCompile Include="..\engine\source\engine\glwindow.cpp">
      <Filter>Quelldateien\engine\render</Filter>
    </ClCompile>
    <ClCompile Include="..\engine\source\engine\material.cpp">
      <Filter>Quelldateien\engine\render</Filter>
    </ClCompile>
    <ClCompile Include="..\engine\source\engine\rendermanager.cpp">
      <Filter>Quelldateien\engine\render</Filter>
    </ClCompile>
    <ClCompile Include="..\engine\source\engine\shader.cpp">
      <Filter>Quelldateien\engine\render</Filter>
    </ClCompile>
    <ClCompile Include="..\engine\source\engine\shaderbuilder.cpp">
      <Filter>Quelldateien\engine\render</Filter>
    </ClCompile>
    <ClCompile Include="..\engine\source\engine\texture.cpp">
      <Filter>Quelldateien\engine\render</Filter>
    </ClCompile>
    <ClCompile Include="..\engine\source\engine\textureoptions.cpp">
      <Filter>Quelldateien\engine\render</Filter>
    </ClCompile>
    <ClCompile Include="..\engine\source\engine\textureslottemplate.cpp">
      <Filter>Quelldateien\engine\render</Filter>
    </ClCompile>
    <ClCompile Include="..\engine\source\engine\uniformtemplate.cpp">
      <Filter>Quelldateien\engine\render</Filter>
    </ClCompile>
    <ClCompile Include="..\engine\source\engine\vertex_pc.cpp">
      <Filter>Quelldateien\engine\render\vertices</Filter>
    </ClCompile>
    <ClCompile Include="..\engine\source\engine\vertex_pt.cpp">
      <Filter>Quelldateien\engine\render\vertices</Filter>
    </ClCompile>
    <ClCompile Include="..\engine\source\engine\indexbuffer.cpp">
      <Filter>Quelldateien\engine\render\opengl</Filter>
    </ClCompile>
    <ClCompile Include="..\engine\source\engine\vertextoken.cpp">
      <Filter>Quelldateien\engine\render\opengl</Filter>
    </ClCompile>
    <ClCompile Include="..\engine\source\engine\_gl.cpp">
      <Filter>Quelldateien\engine\render\opengl</Filter>
    </ClCompile>
    <ClCompile Include="..\engine\source\engine\imageutils.cpp">
      <Filter>Quelldateien\engine\utils</Filter>
    </ClCompile>
    <ClCompile Include="..\engine\source\engine\stringutils.cpp">
      <Filter>Quelldateien\engine\utils</Filter>
    </ClCompile>
    <ClCompile Include="..\engine\source\engine\arraybuffertoken.cpp">
      <Filter>Quelldateien\engine\utils\buffer</Filter>
    </ClCompile>
    <ClCompile Include="..\engine\source\engine\stackbuffertoken.cpp">
      <Filter>Quelldateien\engine\utils\buffer</Filter>
    </ClCompile>
    <ClCompile Include="..\engine\source\engine\tb_removeop.cpp">
      <Filter>Quelldateien\engine\utils\buffer</Filter>
    </ClCompile>
    <ClCompile Include="..\engine\source\engine\buffertoken.cpp">
      <Filter>Quelldateien\engine\utils\buffer</Filter>
    </ClCompile>
  </ItemGroup>
</Project>